%{"cowboy": {:hex, :cowboy, "1.0.0"},
  "cowlib": {:hex, :cowlib, "1.0.0"},
  "earmark": {:hex, :earmark, "0.2.1"},
  "ex_doc": {:hex, :ex_doc, "0.11.3"},
  "hackney": {:hex, :hackney, "1.2.0"},
  "idna": {:hex, :idna, "1.0.2"},
  "inch_ex": {:hex, :inch_ex, "0.2.1"},
  "json": {:hex, :json, "0.3.2"},
  "ranch": {:hex, :ranch, "1.0.0"},
  "ssl_verify_hostname": {:hex, :ssl_verify_hostname, "1.0.5"}}
