%{
  "cowboy": {:hex, :cowboy, "2.3.0", "268429481d6f41ad5564ade4a2439c284b569083fca0d19078ad4f56b4624724", [:rebar3], [{:cowlib, "~> 2.2.1", [hex: :cowlib, repo: "hexpm", optional: false]}, {:ranch, "~> 1.4.0", [hex: :ranch, repo: "hexpm", optional: false]}], "hexpm"},
  "cowlib": {:hex, :cowlib, "2.2.1", "1afa5b233cee8f642c153ec6f1dc48db0dd9a43e2114bc8b43e9d59636f6ae1f", [:rebar3], [], "hexpm"},
  "earmark": {:hex, :earmark, "1.2.4", "99b637c62a4d65a20a9fb674b8cffb8baa771c04605a80c911c4418c69b75439", [:mix], [], "hexpm"},
  "ex_doc": {:hex, :ex_doc, "0.17.1", "39f777415e769992e6732d9589dc5846ea587f01412241f4a774664c746affbb", [:mix], [{:earmark, "~> 1.1", [hex: :earmark, repo: "hexpm", optional: false]}], "hexpm"},
  "hackney": {:hex, :hackney, "1.2.0", "41d352d5c272a150127517ab29e00cf5521a04af925f260667bf55161fbee68f", [:rebar], [{:idna, "~> 1.0.2", [hex: :idna, optional: false]}, {:ssl_verify_hostname, "~> 1.0.5", [hex: :ssl_verify_hostname, optional: false]}]},
  "hpack": {:hex, :hpack_erl, "0.2.3", "17670f83ff984ae6cd74b1c456edde906d27ff013740ee4d9efaa4f1bf999633", [:rebar3], [], "hexpm"},
  "idna": {:hex, :idna, "1.0.2", "397e3d001c002319da75759b0a81156bf11849c71d565162436d50020cb7265e", [:make], []},
  "inch_ex": {:hex, :inch_ex, "0.5.6", "418357418a553baa6d04eccd1b44171936817db61f4c0840112b420b8e378e67", [:mix], [{:poison, "~> 1.5 or ~> 2.0 or ~> 3.0", [repo: "hexpm", hex: :poison, optional: false]}], "hexpm"},
  "json": {:hex, :json, "0.3.2", "e40a15993024a0cb4f5e22816d6be34002cc4463c61789ed35ec94c41911ebee", [:mix], []},
  "kadabra": {:hex, :kadabra, "0.3.4", "677d0c5d28a016c7dec167b3f969fe72b4bf18e9568a399cc262efa1ef124925", [:mix], [{:hpack, "~> 0.2.3", [hex: :hpack_erl, repo: "hexpm", optional: false]}, {:scribe, "~> 0.4", [hex: :scribe, repo: "hexpm", optional: true]}], "hexpm"},
  "mime": {:hex, :mime, "1.1.0", "01c1d6f4083d8aa5c7b8c246ade95139620ef8effb009edde934e0ec3b28090a", [:mix], [], "hexpm"},
  "poison": {:hex, :poison, "3.1.0", "d9eb636610e096f86f25d9a46f35a9facac35609a7591b3be3326e99a0484665", [:mix], [], "hexpm"},
  "ranch": {:hex, :ranch, "1.4.0", "10272f95da79340fa7e8774ba7930b901713d272905d0012b06ca6d994f8826b", [:rebar3], [], "hexpm"},
  "ssl_verify_hostname": {:hex, :ssl_verify_hostname, "1.0.5", "2e73e068cd6393526f9fa6d399353d7c9477d6886ba005f323b592d389fb47be", [:make], []},
}
