%{"cowboy": {:hex, :cowboy, "1.0.0", "d0b46a5e5f971c5543eb46f86fe76b9add567d12fb5262a852b8f27c64c0555d", [:make, :rebar], [{:cowlib, "~> 1.0.0", [hex: :cowlib, optional: false]}, {:ranch, "~> 1.0", [hex: :ranch, optional: false]}]},
  "cowlib": {:hex, :cowlib, "1.0.0", "397d890d669e56d486b0b5329973ad1a07012412bc110d34a737698dd6941741", [:make], []},
  "earmark": {:hex, :earmark, "0.2.1", "ba6d26ceb16106d069b289df66751734802777a3cbb6787026dd800ffeb850f3", [:mix], []},
  "ex_doc": {:hex, :ex_doc, "0.12.0", "b774aabfede4af31c0301aece12371cbd25995a21bb3d71d66f5c2fe074c603f", [:mix], [{:earmark, "~> 0.2", [hex: :earmark, optional: false]}]},
  "hackney": {:hex, :hackney, "1.2.0", "41d352d5c272a150127517ab29e00cf5521a04af925f260667bf55161fbee68f", [:rebar], [{:ssl_verify_hostname, "~> 1.0.5", [hex: :ssl_verify_hostname, optional: false]}, {:idna, "~> 1.0.2", [hex: :idna, optional: false]}]},
  "idna": {:hex, :idna, "1.0.2", "397e3d001c002319da75759b0a81156bf11849c71d565162436d50020cb7265e", [:make], []},
  "inch_ex": {:hex, :inch_ex, "0.2.1", "3cff0a36e9bf0897bbeb050a950952330d926f6db068c9a539263cce174ca7c2", [:mix], [{:json, "~> 0.3.0", [hex: :json, optional: false]}]},
  "json": {:hex, :json, "0.3.2", "e40a15993024a0cb4f5e22816d6be34002cc4463c61789ed35ec94c41911ebee", [:mix], []},
  "mime": {:hex, :mime, "1.0.0", "b63027733bba00b1013bad14e25dc8b6629ecb817731544a88a0fd14f2a55685", [:mix], []},
  "ranch": {:hex, :ranch, "1.0.0", "e3ac054e4265de77e2d2696dd7e1d6a67b7525aade13ba10c860e7f499a0d433", [:make], []},
  "ssl_verify_hostname": {:hex, :ssl_verify_hostname, "1.0.5", "2e73e068cd6393526f9fa6d399353d7c9477d6886ba005f323b592d389fb47be", [:make], []}}
